
Microsoft Visual Studio Solution File, Format Version 12.00
# Visual Studio Version 17
VisualStudioVersion = 17.7.34003.232
MinimumVisualStudioVersion = 10.0.40219.1
Project("{FAE04EC0-301F-11D3-BF4B-00C04F79EFBC}") = "WinformExam2", "WinformExam2.csproj", "{CBC0D084-F5A7-423D-8FC4-91692190FBB8}"
EndProject
Global
	GlobalSection(SolutionConfigurationPlatforms) = preSolution
		Debug|Any CPU = Debug|Any CPU
		Release|Any CPU = Release|Any CPU
	EndGlobalSection
	GlobalSection(ProjectConfigurationPlatforms) = postSolution
		{CBC0D084-F5A7-423D-8FC4-91692190FBB8}.Debug|Any CPU.ActiveCfg = Debug|Any CPU
		{CBC0D084-F5A7-423D-8FC4-91692190FBB8}.Debug|Any CPU.Build.0 = Debug|Any CPU
		{CBC0D084-F5A7-423D-8FC4-91692190FBB8}.Release|Any CPU.ActiveCfg = Release|Any CPU
		{CBC0D084-F5A7-423D-8FC4-91692190FBB8}.Release|Any CPU.Build.0 = Release|Any CPU
	EndGlobalSection
	GlobalSection(SolutionProperties) = preSolution
		HideSolutionNode = FALSE
	EndGlobalSection
	GlobalSection(ExtensibilityGlobals) = postSolution
		SolutionGuid = {55A98D4C-20E9-4ED4-89B1-77D7251742D3}
	EndGlobalSection
EndGlobal
